
Microsoft Visual Studio Solution File, Format Version 12.00
# Visual Studio Version 17
VisualStudioVersion = 17.10.35013.160
MinimumVisualStudioVersion = 10.0.40219.1
Project("{FAE04EC0-301F-11D3-BF4B-00C04F79EFBC}") = "Workshop_1", "Workshop_1\Workshop_1.csproj", "{379C05E2-231B-4AA9-8FC8-50252E1B48FC}"
EndProject
Global
	GlobalSection(SolutionConfigurationPlatforms) = preSolution
		Debug|Any CPU = Debug|Any CPU
		Release|Any CPU = Release|Any CPU
	EndGlobalSection
	GlobalSection(ProjectConfigurationPlatforms) = postSolution
		{379C05E2-231B-4AA9-8FC8-50252E1B48FC}.Debug|Any CPU.ActiveCfg = Debug|Any CPU
		{379C05E2-231B-4AA9-8FC8-50252E1B48FC}.Debug|Any CPU.Build.0 = Debug|Any CPU
		{379C05E2-231B-4AA9-8FC8-50252E1B48FC}.Release|Any CPU.ActiveCfg = Release|Any CPU
		{379C05E2-231B-4AA9-8FC8-50252E1B48FC}.Release|Any CPU.Build.0 = Release|Any CPU
	EndGlobalSection
	GlobalSection(SolutionProperties) = preSolution
		HideSolutionNode = FALSE
	EndGlobalSection
	GlobalSection(ExtensibilityGlobals) = postSolution
		SolutionGuid = {CCC5AB0A-30FC-4800-AF4A-3599486231DE}
	EndGlobalSection
EndGlobal
